
Microsoft Visual Studio Solution File, Format Version 12.00
# Visual Studio Version 17
VisualStudioVersion = 17.1.32421.90
MinimumVisualStudioVersion = 10.0.40219.1
Project("{FAE04EC0-301F-11D3-BF4B-00C04F79EFBC}") = "Projekt_ProgramowanieO", "Projekt_ProgramowanieO\Projekt_ProgramowanieO.csproj", "{467D33B5-1AE6-4D78-A1EE-775D3D51BA3F}"
EndProject
Project("{2150E333-8FDC-42A3-9474-1A3956D46DE8}") = "Elementy rozwiązania", "Elementy rozwiązania", "{439B4DFF-2482-4490-97B5-006A64940538}"
	ProjectSection(SolutionItems) = preProject
		CarRentDatabase.sql = CarRentDatabase.sql
	EndProjectSection
EndProject
Global
	GlobalSection(SolutionConfigurationPlatforms) = preSolution
		Debug|Any CPU = Debug|Any CPU
		Release|Any CPU = Release|Any CPU
	EndGlobalSection
	GlobalSection(ProjectConfigurationPlatforms) = postSolution
		{467D33B5-1AE6-4D78-A1EE-775D3D51BA3F}.Debug|Any CPU.ActiveCfg = Debug|Any CPU
		{467D33B5-1AE6-4D78-A1EE-775D3D51BA3F}.Debug|Any CPU.Build.0 = Debug|Any CPU
		{467D33B5-1AE6-4D78-A1EE-775D3D51BA3F}.Release|Any CPU.ActiveCfg = Release|Any CPU
		{467D33B5-1AE6-4D78-A1EE-775D3D51BA3F}.Release|Any CPU.Build.0 = Release|Any CPU
	EndGlobalSection
	GlobalSection(SolutionProperties) = preSolution
		HideSolutionNode = FALSE
	EndGlobalSection
	GlobalSection(ExtensibilityGlobals) = postSolution
		SolutionGuid = {1128A3D9-38C2-43AC-BD9B-0DAD9CF20267}
	EndGlobalSection
EndGlobal
